{
  "name": "node-app",
  "version": "1.0.0",
  "lockfileVersion": 1,
  "requires": true,
  "dependencies": {
    "lion-lib-niess": {
      "version": "1.0.0",
      "resolved": "https://registry.npmjs.org/lion-lib-niess/-/lion-lib-niess-1.0.0.tgz",
      "integrity": "sha512-ckXQONP2eaJ58K1ipm/PtGhLookMmimdlMzKg+/SPVZKMWk33zz4CYQBLDoJaRrTP3JzUxa7ZSBEEiA1K4N73w=="
    }
  }
}
